
Microsoft Visual Studio Solution File, Format Version 12.00
# Visual Studio Version 17
VisualStudioVersion = 17.7.34031.279
MinimumVisualStudioVersion = 10.0.40219.1
Project("{FAE04EC0-301F-11D3-BF4B-00C04F79EFBC}") = "PresentacionPrueba", "PresentacionPrueba\PresentacionPrueba.csproj", "{850DC8AF-A7C7-4E9B-A9A4-47F122C0A02A}"
EndProject
Project("{FAE04EC0-301F-11D3-BF4B-00C04F79EFBC}") = "Entidades", "Entidades\Entidades.csproj", "{335A7C48-C9C5-46E4-9536-767ED5BA65CE}"
EndProject
Project("{FAE04EC0-301F-11D3-BF4B-00C04F79EFBC}") = "AccesoDatos", "AccesoDatos\AccesoDatos.csproj", "{1CCFF8C0-9785-47E6-A1FF-5D0ABBB02758}"
EndProject
Global
	GlobalSection(SolutionConfigurationPlatforms) = preSolution
		Debug|Any CPU = Debug|Any CPU
		Release|Any CPU = Release|Any CPU
	EndGlobalSection
	GlobalSection(ProjectConfigurationPlatforms) = postSolution
		{850DC8AF-A7C7-4E9B-A9A4-47F122C0A02A}.Debug|Any CPU.ActiveCfg = Debug|Any CPU
		{850DC8AF-A7C7-4E9B-A9A4-47F122C0A02A}.Debug|Any CPU.Build.0 = Debug|Any CPU
		{850DC8AF-A7C7-4E9B-A9A4-47F122C0A02A}.Release|Any CPU.ActiveCfg = Release|Any CPU
		{850DC8AF-A7C7-4E9B-A9A4-47F122C0A02A}.Release|Any CPU.Build.0 = Release|Any CPU
		{335A7C48-C9C5-46E4-9536-767ED5BA65CE}.Debug|Any CPU.ActiveCfg = Debug|Any CPU
		{335A7C48-C9C5-46E4-9536-767ED5BA65CE}.Debug|Any CPU.Build.0 = Debug|Any CPU
		{335A7C48-C9C5-46E4-9536-767ED5BA65CE}.Release|Any CPU.ActiveCfg = Release|Any CPU
		{335A7C48-C9C5-46E4-9536-767ED5BA65CE}.Release|Any CPU.Build.0 = Release|Any CPU
		{1CCFF8C0-9785-47E6-A1FF-5D0ABBB02758}.Debug|Any CPU.ActiveCfg = Debug|Any CPU
		{1CCFF8C0-9785-47E6-A1FF-5D0ABBB02758}.Debug|Any CPU.Build.0 = Debug|Any CPU
		{1CCFF8C0-9785-47E6-A1FF-5D0ABBB02758}.Release|Any CPU.ActiveCfg = Release|Any CPU
		{1CCFF8C0-9785-47E6-A1FF-5D0ABBB02758}.Release|Any CPU.Build.0 = Release|Any CPU
	EndGlobalSection
	GlobalSection(SolutionProperties) = preSolution
		HideSolutionNode = FALSE
	EndGlobalSection
	GlobalSection(ExtensibilityGlobals) = postSolution
		SolutionGuid = {70363BBF-7328-4F10-8F3F-CBBF86339EBA}
	EndGlobalSection
EndGlobal
